lockfileVersion: '9.0'

settings:
  autoInstallPeers: true
  excludeLinksFromLockfile: false

importers:
  .:
    dependencies:
      '@radix-ui/react-slot':
        specifier: 1.2.4
        version: 1.2.4
      class-variance-authority:
        specifier: 0.7.1
        version: 0.7.1
      clsx:
        specifier: 2.1.1
        version: 2.1.1
      next:
        specifier: 16.1.6
        version: 16.1.6(react-dom@19.2.3(react@19.2.3))(react@19.2.3)
      react:
        specifier: 19.2.3
        version: 19.2.3
      react-dom:
        specifier: 19.2.3
        version: 19.2.3(react@19.2.3)
      tailwind-merge:
        specifier: 3.4.0
        version: 3.4.0
    devDependencies:
      '@tailwindcss/postcss':
        specifier: 4.1.18
        version: 4.1.18
      '@testing-library/jest-dom':
        specifier: 6.9.1
        version: 6.9.1
      '@testing-library/react':
        specifier: 16.3.2
        version: 16.3.2(@testing-library/dom@10.4.1)(@types/react-dom@19.2.3(@types/react@19.2.10))(@types/react@19.2.10)(react-dom@19.2.3(react@19.2.3))(react@19.2.3)
      '@types/node':
        specifier: 24.10.9
        version: 24.10.9
      '@types/react':
        specifier: 19.2.10
        version: 19.2.10
      '@types/react-dom':
        specifier: 19.2.3
        version: 19.2.3(@types/react@19.2.10)
      '@vitejs/plugin-react':
        specifier: 5.1.2
        version: 5.1.2(vite@7.3.1)(react@19.2.3)
      eslint:
        specifier: 9.39.2
        version: 9.39.2
      eslint-config-next:
        specifier: 16.1.6
        version: 16.1.6(eslint@9.39.2)(typescript@5.9.3)
      jsdom:
        specifier: 27.4.0
        version: 27.4.0
      tailwindcss:
        specifier: 4.1.18
        version: 4.1.18
      tw-animate-css:
        specifier: 1.4.0
        version: 1.4.0
      typescript:
        specifier: 5.9.3
        version: 5.9.3
      vite-tsconfig-paths:
        specifier: 6.0.5
        version: 6.0.5(typescript@5.9.3)(vite@7.3.1)
      vitest:
        specifier: 4.0.18
        version: 4.0.18(@types/node@24.10.9)(jsdom@27.4.0)
